%{"amrita": {:git, "git://github.com/josephwilk/amrita.git", "7570eb766fa0506e4c08d241f5359dff9135f961", []},
  "apprentice": {:git, "git://github.com/ElixirCasts/apprentice.git", "b9306b8316385c63d1e18492623a5cd3dc33df16", []},
  "earmark": {:hex, :earmark, "0.1.13", "b6b865e874d0632998d282b1b1d0747dd8d2a83bef018cb9c3cfe1ad5e0cfa76", [:mix], []},
  "eiconv": {:git, "https://github.com/zotonic/eiconv.git", "644fb5e7bd6640fbd073f4d28957914ea979aea0", []},
  "ex_doc": {:hex, :ex_doc, "0.7.1", "6f9110c88f6d7bfb77372457dcabd4790c05d425e028bf553eb69aece9e80fd5", [:mix], []},
  "gen_smtp": {:hex, :gen_smtp, "0.11.0", "d90ff2f021fc86cb2a4259b1f2b177ab6e506676265e26454bf5755855adc956", [:rebar3], []},
  "meck": {:git, "git://github.com/eproxus/meck.git", "62265e4a89297b3415502351a35082933225d1af", [branch: "develop"]},
  "trane": {:git, "https://github.com/massemanet/trane.git", "4cc20f4e5c2363b862b68be454f4c7f96ea9d442", []}}
